
Microsoft Visual Studio Solution File, Format Version 12.00
# Visual Studio Version 17
VisualStudioVersion = 17.7.34018.315
MinimumVisualStudioVersion = 10.0.40219.1
Project("{8BC9CEB8-8B4A-11D0-8D11-00A0C91BC942}") = "practica archivos", "practica archivos\practica archivos.vcxproj", "{E752F87F-B173-463F-B9D8-4AEAB7F99C81}"
EndProject
Global
	GlobalSection(SolutionConfigurationPlatforms) = preSolution
		Debug|x64 = Debug|x64
		Debug|x86 = Debug|x86
		Release|x64 = Release|x64
		Release|x86 = Release|x86
	EndGlobalSection
	GlobalSection(ProjectConfigurationPlatforms) = postSolution
		{E752F87F-B173-463F-B9D8-4AEAB7F99C81}.Debug|x64.ActiveCfg = Debug|x64
		{E752F87F-B173-463F-B9D8-4AEAB7F99C81}.Debug|x64.Build.0 = Debug|x64
		{E752F87F-B173-463F-B9D8-4AEAB7F99C81}.Debug|x86.ActiveCfg = Debug|Win32
		{E752F87F-B173-463F-B9D8-4AEAB7F99C81}.Debug|x86.Build.0 = Debug|Win32
		{E752F87F-B173-463F-B9D8-4AEAB7F99C81}.Release|x64.ActiveCfg = Release|x64
		{E752F87F-B173-463F-B9D8-4AEAB7F99C81}.Release|x64.Build.0 = Release|x64
		{E752F87F-B173-463F-B9D8-4AEAB7F99C81}.Release|x86.ActiveCfg = Release|Win32
		{E752F87F-B173-463F-B9D8-4AEAB7F99C81}.Release|x86.Build.0 = Release|Win32
	EndGlobalSection
	GlobalSection(SolutionProperties) = preSolution
		HideSolutionNode = FALSE
	EndGlobalSection
	GlobalSection(ExtensibilityGlobals) = postSolution
		SolutionGuid = {72B60D27-118F-4C0D-829E-F55231C8C443}
	EndGlobalSection
EndGlobal
